# This file is automatically @generated by Cargo.
# It is not intended for manual editing.
version = 4

[[package]]
name = "cabas-app"
version = "0.1.0-dev"

[[package]]
name = "cabas-domain"
version = "0.1.0-dev"

[[package]]
name = "cabas-relay"
version = "0.1.0-dev"

[[package]]
name = "cabas-store"
version = "0.1.0-dev"

[[package]]
name = "cabas-sync"
version = "0.1.0-dev"
